
Microsoft Visual Studio Solution File, Format Version 12.00
# Visual Studio Version 17
VisualStudioVersion = 17.5.33424.131
MinimumVisualStudioVersion = 10.0.40219.1
Project("{FAE04EC0-301F-11D3-BF4B-00C04F79EFBC}") = "RomanToArabicNumbers", "RomanToArabicNumbers\RomanToArabicNumbers.csproj", "{8F319511-2771-441F-A290-875B5B71149F}"
EndProject
Global
	GlobalSection(SolutionConfigurationPlatforms) = preSolution
		Debug|Any CPU = Debug|Any CPU
		Release|Any CPU = Release|Any CPU
	EndGlobalSection
	GlobalSection(ProjectConfigurationPlatforms) = postSolution
		{8F319511-2771-441F-A290-875B5B71149F}.Debug|Any CPU.ActiveCfg = Debug|Any CPU
		{8F319511-2771-441F-A290-875B5B71149F}.Debug|Any CPU.Build.0 = Debug|Any CPU
		{8F319511-2771-441F-A290-875B5B71149F}.Release|Any CPU.ActiveCfg = Release|Any CPU
		{8F319511-2771-441F-A290-875B5B71149F}.Release|Any CPU.Build.0 = Release|Any CPU
	EndGlobalSection
	GlobalSection(SolutionProperties) = preSolution
		HideSolutionNode = FALSE
	EndGlobalSection
	GlobalSection(ExtensibilityGlobals) = postSolution
		SolutionGuid = {7A309BC7-14A2-4876-94B0-76D9CDA68DC7}
	EndGlobalSection
EndGlobal
